
Microsoft Visual Studio Solution File, Format Version 12.00
# Visual Studio 2012
Project("{FAE04EC0-301F-11D3-BF4B-00C04F79EFBC}") = "XMLStudents.Data", "XMLStudents.Data\XMLStudents.Data.csproj", "{DAE44743-F0F4-4FF7-9642-5B9638A10DDE}"
EndProject
Project("{FAE04EC0-301F-11D3-BF4B-00C04F79EFBC}") = "XMLStudents.Client", "XMLStudents.Client\XMLStudents.Client.csproj", "{739F1904-B580-41B2-BA40-0417372620FE}"
EndProject
Global
	GlobalSection(SolutionConfigurationPlatforms) = preSolution
		Debug|Any CPU = Debug|Any CPU
		Release|Any CPU = Release|Any CPU
	EndGlobalSection
	GlobalSection(ProjectConfigurationPlatforms) = postSolution
		{DAE44743-F0F4-4FF7-9642-5B9638A10DDE}.Debug|Any CPU.ActiveCfg = Debug|Any CPU
		{DAE44743-F0F4-4FF7-9642-5B9638A10DDE}.Debug|Any CPU.Build.0 = Debug|Any CPU
		{DAE44743-F0F4-4FF7-9642-5B9638A10DDE}.Release|Any CPU.ActiveCfg = Release|Any CPU
		{DAE44743-F0F4-4FF7-9642-5B9638A10DDE}.Release|Any CPU.Build.0 = Release|Any CPU
		{739F1904-B580-41B2-BA40-0417372620FE}.Debug|Any CPU.ActiveCfg = Debug|Any CPU
		{739F1904-B580-41B2-BA40-0417372620FE}.Debug|Any CPU.Build.0 = Debug|Any CPU
		{739F1904-B580-41B2-BA40-0417372620FE}.Release|Any CPU.ActiveCfg = Release|Any CPU
		{739F1904-B580-41B2-BA40-0417372620FE}.Release|Any CPU.Build.0 = Release|Any CPU
	EndGlobalSection
	GlobalSection(SolutionProperties) = preSolution
		HideSolutionNode = FALSE
	EndGlobalSection
EndGlobal
