
Microsoft Visual Studio Solution File, Format Version 12.00
# Visual Studio 2012
Project("{FAE04EC0-301F-11D3-BF4B-00C04F79EFBC}") = "01. TreeManipulation", "01. TreeManipulation\01. TreeManipulation.csproj", "{D9AC99D7-293B-4407-9D27-42522E33D685}"
EndProject
Project("{FAE04EC0-301F-11D3-BF4B-00C04F79EFBC}") = "02. TraverseWindowsDirectory", "02. TraverseWindowsDirectory\02. TraverseWindowsDirectory.csproj", "{170621E3-D95F-44AB-9A93-ABBB84EC0E45}"
EndProject
Project("{FAE04EC0-301F-11D3-BF4B-00C04F79EFBC}") = "03. FolderStructure", "03. FolderStructure\03. FolderStructure.csproj", "{5F91E6CF-60A9-49C0-893A-CBB202DF5C3D}"
EndProject
Project("{2150E333-8FDC-42A3-9474-1A3956D46DE8}") = "Solution Items", "Solution Items", "{92547AA9-E9F1-4998-A8FF-01F6896A1BC5}"
	ProjectSection(SolutionItems) = preProject
		01. input.txt = 01. input.txt
	EndProjectSection
EndProject
Global
	GlobalSection(SolutionConfigurationPlatforms) = preSolution
		Debug|Any CPU = Debug|Any CPU
		Release|Any CPU = Release|Any CPU
	EndGlobalSection
	GlobalSection(ProjectConfigurationPlatforms) = postSolution
		{D9AC99D7-293B-4407-9D27-42522E33D685}.Debug|Any CPU.ActiveCfg = Debug|Any CPU
		{D9AC99D7-293B-4407-9D27-42522E33D685}.Debug|Any CPU.Build.0 = Debug|Any CPU
		{D9AC99D7-293B-4407-9D27-42522E33D685}.Release|Any CPU.ActiveCfg = Release|Any CPU
		{D9AC99D7-293B-4407-9D27-42522E33D685}.Release|Any CPU.Build.0 = Release|Any CPU
		{170621E3-D95F-44AB-9A93-ABBB84EC0E45}.Debug|Any CPU.ActiveCfg = Debug|Any CPU
		{170621E3-D95F-44AB-9A93-ABBB84EC0E45}.Debug|Any CPU.Build.0 = Debug|Any CPU
		{170621E3-D95F-44AB-9A93-ABBB84EC0E45}.Release|Any CPU.ActiveCfg = Release|Any CPU
		{170621E3-D95F-44AB-9A93-ABBB84EC0E45}.Release|Any CPU.Build.0 = Release|Any CPU
		{5F91E6CF-60A9-49C0-893A-CBB202DF5C3D}.Debug|Any CPU.ActiveCfg = Debug|Any CPU
		{5F91E6CF-60A9-49C0-893A-CBB202DF5C3D}.Debug|Any CPU.Build.0 = Debug|Any CPU
		{5F91E6CF-60A9-49C0-893A-CBB202DF5C3D}.Release|Any CPU.ActiveCfg = Release|Any CPU
		{5F91E6CF-60A9-49C0-893A-CBB202DF5C3D}.Release|Any CPU.Build.0 = Release|Any CPU
	EndGlobalSection
	GlobalSection(SolutionProperties) = preSolution
		HideSolutionNode = FALSE
	EndGlobalSection
EndGlobal
