
Microsoft Visual Studio Solution File, Format Version 12.00
# Visual Studio 2012
Project("{FAE04EC0-301F-11D3-BF4B-00C04F79EFBC}") = "04.3D stars", "04.3D stars\04.3D stars.csproj", "{A96B4C54-BE69-4BC5-8232-C6071436F08F}"
EndProject
Project("{FAE04EC0-301F-11D3-BF4B-00C04F79EFBC}") = "01.PHP", "01.PHP\01.PHP.csproj", "{BC7A0D17-AA35-45C7-8124-C29563406CF8}"
EndProject
Project("{FAE04EC0-301F-11D3-BF4B-00C04F79EFBC}") = "03.Tubes", "03.Tubes\03.Tubes.csproj", "{F2DA1FA2-F8F8-432D-8783-56D7239C9D9C}"
EndProject
Project("{FAE04EC0-301F-11D3-BF4B-00C04F79EFBC}") = "02.7SegmentDigits", "02.7SegmentDigits\02.7SegmentDigits.csproj", "{7DA8B301-331F-4D86-98B9-858B01EC4BF4}"
EndProject
Global
	GlobalSection(SolutionConfigurationPlatforms) = preSolution
		Debug|Any CPU = Debug|Any CPU
		Release|Any CPU = Release|Any CPU
	EndGlobalSection
	GlobalSection(ProjectConfigurationPlatforms) = postSolution
		{A96B4C54-BE69-4BC5-8232-C6071436F08F}.Debug|Any CPU.ActiveCfg = Debug|Any CPU
		{A96B4C54-BE69-4BC5-8232-C6071436F08F}.Debug|Any CPU.Build.0 = Debug|Any CPU
		{A96B4C54-BE69-4BC5-8232-C6071436F08F}.Release|Any CPU.ActiveCfg = Release|Any CPU
		{A96B4C54-BE69-4BC5-8232-C6071436F08F}.Release|Any CPU.Build.0 = Release|Any CPU
		{BC7A0D17-AA35-45C7-8124-C29563406CF8}.Debug|Any CPU.ActiveCfg = Debug|Any CPU
		{BC7A0D17-AA35-45C7-8124-C29563406CF8}.Debug|Any CPU.Build.0 = Debug|Any CPU
		{BC7A0D17-AA35-45C7-8124-C29563406CF8}.Release|Any CPU.ActiveCfg = Release|Any CPU
		{BC7A0D17-AA35-45C7-8124-C29563406CF8}.Release|Any CPU.Build.0 = Release|Any CPU
		{F2DA1FA2-F8F8-432D-8783-56D7239C9D9C}.Debug|Any CPU.ActiveCfg = Debug|Any CPU
		{F2DA1FA2-F8F8-432D-8783-56D7239C9D9C}.Debug|Any CPU.Build.0 = Debug|Any CPU
		{F2DA1FA2-F8F8-432D-8783-56D7239C9D9C}.Release|Any CPU.ActiveCfg = Release|Any CPU
		{F2DA1FA2-F8F8-432D-8783-56D7239C9D9C}.Release|Any CPU.Build.0 = Release|Any CPU
		{7DA8B301-331F-4D86-98B9-858B01EC4BF4}.Debug|Any CPU.ActiveCfg = Debug|Any CPU
		{7DA8B301-331F-4D86-98B9-858B01EC4BF4}.Debug|Any CPU.Build.0 = Debug|Any CPU
		{7DA8B301-331F-4D86-98B9-858B01EC4BF4}.Release|Any CPU.ActiveCfg = Release|Any CPU
		{7DA8B301-331F-4D86-98B9-858B01EC4BF4}.Release|Any CPU.Build.0 = Release|Any CPU
	EndGlobalSection
	GlobalSection(SolutionProperties) = preSolution
		HideSolutionNode = FALSE
	EndGlobalSection
EndGlobal
