
Microsoft Visual Studio Solution File, Format Version 12.00
# Visual Studio 2013
VisualStudioVersion = 12.0.20623.1 VSUPREVIEW
MinimumVisualStudioVersion = 10.0.40219.1
Project("{FAE04EC0-301F-11D3-BF4B-00C04F79EFBC}") = "MasterPages.UserProfile", "MasterPages\MasterPages.UserProfile.csproj", "{107810E3-1BEF-4739-AB01-88D4D54B0B87}"
EndProject
Project("{FAE04EC0-301F-11D3-BF4B-00C04F79EFBC}") = "MasterPages.NestedPages", "MasterPages.NestedPages\MasterPages.NestedPages.csproj", "{4F99906B-2537-460B-934B-5D1090FD2472}"
EndProject
Global
	GlobalSection(SolutionConfigurationPlatforms) = preSolution
		Debug|Any CPU = Debug|Any CPU
		Release|Any CPU = Release|Any CPU
	EndGlobalSection
	GlobalSection(ProjectConfigurationPlatforms) = postSolution
		{107810E3-1BEF-4739-AB01-88D4D54B0B87}.Debug|Any CPU.ActiveCfg = Debug|Any CPU
		{107810E3-1BEF-4739-AB01-88D4D54B0B87}.Debug|Any CPU.Build.0 = Debug|Any CPU
		{107810E3-1BEF-4739-AB01-88D4D54B0B87}.Release|Any CPU.ActiveCfg = Release|Any CPU
		{107810E3-1BEF-4739-AB01-88D4D54B0B87}.Release|Any CPU.Build.0 = Release|Any CPU
		{4F99906B-2537-460B-934B-5D1090FD2472}.Debug|Any CPU.ActiveCfg = Debug|Any CPU
		{4F99906B-2537-460B-934B-5D1090FD2472}.Debug|Any CPU.Build.0 = Debug|Any CPU
		{4F99906B-2537-460B-934B-5D1090FD2472}.Release|Any CPU.ActiveCfg = Release|Any CPU
		{4F99906B-2537-460B-934B-5D1090FD2472}.Release|Any CPU.Build.0 = Release|Any CPU
	EndGlobalSection
	GlobalSection(SolutionProperties) = preSolution
		HideSolutionNode = FALSE
	EndGlobalSection
EndGlobal
