
Microsoft Visual Studio Solution File, Format Version 12.00
# Visual Studio 2012
Project("{FAE04EC0-301F-11D3-BF4B-00C04F79EFBC}") = "01. PriorityQueue", "01. PriorityQueue\01. PriorityQueue.csproj", "{DC18A55E-CD8D-4C80-8551-409F4B9EAEE0}"
EndProject
Project("{FAE04EC0-301F-11D3-BF4B-00C04F79EFBC}") = "02. OrderedBag", "02. OrderedBag\02. OrderedBag.csproj", "{924AB969-3F32-41E0-BD90-E0363BB422E7}"
EndProject
Project("{FAE04EC0-301F-11D3-BF4B-00C04F79EFBC}") = "03. Trie", "03. Trie\03. Trie.csproj", "{6A154B80-BC44-4A32-AF62-7E1E06CD676B}"
EndProject
Project("{2150E333-8FDC-42A3-9474-1A3956D46DE8}") = "Solution Items", "Solution Items", "{51A319A2-F878-49CA-BE3B-5EE7C38069AD}"
	ProjectSection(SolutionItems) = preProject
		Readme.txt = Readme.txt
	EndProjectSection
EndProject
Global
	GlobalSection(SolutionConfigurationPlatforms) = preSolution
		Debug|Any CPU = Debug|Any CPU
		Release|Any CPU = Release|Any CPU
	EndGlobalSection
	GlobalSection(ProjectConfigurationPlatforms) = postSolution
		{DC18A55E-CD8D-4C80-8551-409F4B9EAEE0}.Debug|Any CPU.ActiveCfg = Debug|Any CPU
		{DC18A55E-CD8D-4C80-8551-409F4B9EAEE0}.Debug|Any CPU.Build.0 = Debug|Any CPU
		{DC18A55E-CD8D-4C80-8551-409F4B9EAEE0}.Release|Any CPU.ActiveCfg = Release|Any CPU
		{DC18A55E-CD8D-4C80-8551-409F4B9EAEE0}.Release|Any CPU.Build.0 = Release|Any CPU
		{924AB969-3F32-41E0-BD90-E0363BB422E7}.Debug|Any CPU.ActiveCfg = Debug|Any CPU
		{924AB969-3F32-41E0-BD90-E0363BB422E7}.Debug|Any CPU.Build.0 = Debug|Any CPU
		{924AB969-3F32-41E0-BD90-E0363BB422E7}.Release|Any CPU.ActiveCfg = Release|Any CPU
		{924AB969-3F32-41E0-BD90-E0363BB422E7}.Release|Any CPU.Build.0 = Release|Any CPU
		{6A154B80-BC44-4A32-AF62-7E1E06CD676B}.Debug|Any CPU.ActiveCfg = Debug|Any CPU
		{6A154B80-BC44-4A32-AF62-7E1E06CD676B}.Debug|Any CPU.Build.0 = Debug|Any CPU
		{6A154B80-BC44-4A32-AF62-7E1E06CD676B}.Release|Any CPU.ActiveCfg = Release|Any CPU
		{6A154B80-BC44-4A32-AF62-7E1E06CD676B}.Release|Any CPU.Build.0 = Release|Any CPU
	EndGlobalSection
	GlobalSection(SolutionProperties) = preSolution
		HideSolutionNode = FALSE
	EndGlobalSection
EndGlobal
