
Microsoft Visual Studio Solution File, Format Version 12.00
# Visual Studio 2012
Project("{FAE04EC0-301F-11D3-BF4B-00C04F79EFBC}") = "EntityFramework.Model", "EntityFramework.Model\EntityFramework.Model.csproj", "{8DA1C793-677F-441D-B72F-A166B6A90870}"
EndProject
Project("{FAE04EC0-301F-11D3-BF4B-00C04F79EFBC}") = "EntityFramework.Client", "EntityFramework.Client\EntityFramework.Client.csproj", "{6BD709DF-6631-4ED3-9216-BBABDB2C39ED}"
EndProject
Global
	GlobalSection(SolutionConfigurationPlatforms) = preSolution
		Debug|Any CPU = Debug|Any CPU
		Release|Any CPU = Release|Any CPU
	EndGlobalSection
	GlobalSection(ProjectConfigurationPlatforms) = postSolution
		{8DA1C793-677F-441D-B72F-A166B6A90870}.Debug|Any CPU.ActiveCfg = Debug|Any CPU
		{8DA1C793-677F-441D-B72F-A166B6A90870}.Debug|Any CPU.Build.0 = Debug|Any CPU
		{8DA1C793-677F-441D-B72F-A166B6A90870}.Release|Any CPU.ActiveCfg = Release|Any CPU
		{8DA1C793-677F-441D-B72F-A166B6A90870}.Release|Any CPU.Build.0 = Release|Any CPU
		{6BD709DF-6631-4ED3-9216-BBABDB2C39ED}.Debug|Any CPU.ActiveCfg = Debug|Any CPU
		{6BD709DF-6631-4ED3-9216-BBABDB2C39ED}.Debug|Any CPU.Build.0 = Debug|Any CPU
		{6BD709DF-6631-4ED3-9216-BBABDB2C39ED}.Release|Any CPU.ActiveCfg = Release|Any CPU
		{6BD709DF-6631-4ED3-9216-BBABDB2C39ED}.Release|Any CPU.Build.0 = Release|Any CPU
	EndGlobalSection
	GlobalSection(SolutionProperties) = preSolution
		HideSolutionNode = FALSE
	EndGlobalSection
EndGlobal
