
Microsoft Visual Studio Solution File, Format Version 12.00
# Visual Studio 2012
Project("{FAE04EC0-301F-11D3-BF4B-00C04F79EFBC}") = "WebChat.Model", "WebChat.Model\WebChat.Model.csproj", "{8F4D2F8C-F5C6-4F55-862F-1B45DEFE50E6}"
EndProject
Project("{FAE04EC0-301F-11D3-BF4B-00C04F79EFBC}") = "Repository", "Repositoty\Repository.csproj", "{D22FFB96-11ED-4C1A-A1AF-F89F14EEF5B1}"
EndProject
Project("{FAE04EC0-301F-11D3-BF4B-00C04F79EFBC}") = "WebChat.Classes", "WebChat.Classes\WebChat.Classes.csproj", "{CFCA8F68-524B-48BA-A809-598DB145599E}"
EndProject
Project("{FAE04EC0-301F-11D3-BF4B-00C04F79EFBC}") = "WebChat.Access", "WebChat.Access\WebChat.Access.csproj", "{64A0226B-00AA-418C-BC93-0997EF814B60}"
EndProject
Project("{FAE04EC0-301F-11D3-BF4B-00C04F79EFBC}") = "Client", "UI\Client.csproj", "{99B3AB96-39FB-4AF9-B95E-133EA2292126}"
EndProject
Project("{FAE04EC0-301F-11D3-BF4B-00C04F79EFBC}") = "WebChat.WebClient", "WebChat.WebClient\WebChat.WebClient.csproj", "{453A4128-6033-41FA-BC2E-4CDA5A98F5C9}"
EndProject
Global
	GlobalSection(SolutionConfigurationPlatforms) = preSolution
		Debug|Any CPU = Debug|Any CPU
		Release|Any CPU = Release|Any CPU
	EndGlobalSection
	GlobalSection(ProjectConfigurationPlatforms) = postSolution
		{8F4D2F8C-F5C6-4F55-862F-1B45DEFE50E6}.Debug|Any CPU.ActiveCfg = Debug|Any CPU
		{8F4D2F8C-F5C6-4F55-862F-1B45DEFE50E6}.Debug|Any CPU.Build.0 = Debug|Any CPU
		{8F4D2F8C-F5C6-4F55-862F-1B45DEFE50E6}.Release|Any CPU.ActiveCfg = Release|Any CPU
		{8F4D2F8C-F5C6-4F55-862F-1B45DEFE50E6}.Release|Any CPU.Build.0 = Release|Any CPU
		{D22FFB96-11ED-4C1A-A1AF-F89F14EEF5B1}.Debug|Any CPU.ActiveCfg = Debug|Any CPU
		{D22FFB96-11ED-4C1A-A1AF-F89F14EEF5B1}.Debug|Any CPU.Build.0 = Debug|Any CPU
		{D22FFB96-11ED-4C1A-A1AF-F89F14EEF5B1}.Release|Any CPU.ActiveCfg = Release|Any CPU
		{D22FFB96-11ED-4C1A-A1AF-F89F14EEF5B1}.Release|Any CPU.Build.0 = Release|Any CPU
		{CFCA8F68-524B-48BA-A809-598DB145599E}.Debug|Any CPU.ActiveCfg = Debug|Any CPU
		{CFCA8F68-524B-48BA-A809-598DB145599E}.Debug|Any CPU.Build.0 = Debug|Any CPU
		{CFCA8F68-524B-48BA-A809-598DB145599E}.Release|Any CPU.ActiveCfg = Release|Any CPU
		{CFCA8F68-524B-48BA-A809-598DB145599E}.Release|Any CPU.Build.0 = Release|Any CPU
		{64A0226B-00AA-418C-BC93-0997EF814B60}.Debug|Any CPU.ActiveCfg = Debug|Any CPU
		{64A0226B-00AA-418C-BC93-0997EF814B60}.Debug|Any CPU.Build.0 = Debug|Any CPU
		{64A0226B-00AA-418C-BC93-0997EF814B60}.Release|Any CPU.ActiveCfg = Release|Any CPU
		{64A0226B-00AA-418C-BC93-0997EF814B60}.Release|Any CPU.Build.0 = Release|Any CPU
		{99B3AB96-39FB-4AF9-B95E-133EA2292126}.Debug|Any CPU.ActiveCfg = Debug|Any CPU
		{99B3AB96-39FB-4AF9-B95E-133EA2292126}.Debug|Any CPU.Build.0 = Debug|Any CPU
		{99B3AB96-39FB-4AF9-B95E-133EA2292126}.Release|Any CPU.ActiveCfg = Release|Any CPU
		{99B3AB96-39FB-4AF9-B95E-133EA2292126}.Release|Any CPU.Build.0 = Release|Any CPU
		{453A4128-6033-41FA-BC2E-4CDA5A98F5C9}.Debug|Any CPU.ActiveCfg = Debug|Any CPU
		{453A4128-6033-41FA-BC2E-4CDA5A98F5C9}.Debug|Any CPU.Build.0 = Debug|Any CPU
		{453A4128-6033-41FA-BC2E-4CDA5A98F5C9}.Release|Any CPU.ActiveCfg = Release|Any CPU
		{453A4128-6033-41FA-BC2E-4CDA5A98F5C9}.Release|Any CPU.Build.0 = Release|Any CPU
	EndGlobalSection
	GlobalSection(SolutionProperties) = preSolution
		HideSolutionNode = FALSE
	EndGlobalSection
EndGlobal
