
Microsoft Visual Studio Solution File, Format Version 12.00
# Visual Studio 2013
VisualStudioVersion = 12.0.20623.1 VSUPREVIEW
MinimumVisualStudioVersion = 10.0.40219.1
Project("{FAE04EC0-301F-11D3-BF4B-00C04F79EFBC}") = "ASP.NET_Controls", "03. ASP.NET_Controls\ASP.NET_Controls.csproj", "{024A9B6C-5DB5-4D8C-A38B-B3B6C7673677}"
EndProject
Global
	GlobalSection(SolutionConfigurationPlatforms) = preSolution
		Debug|Any CPU = Debug|Any CPU
		Release|Any CPU = Release|Any CPU
	EndGlobalSection
	GlobalSection(ProjectConfigurationPlatforms) = postSolution
		{024A9B6C-5DB5-4D8C-A38B-B3B6C7673677}.Debug|Any CPU.ActiveCfg = Debug|Any CPU
		{024A9B6C-5DB5-4D8C-A38B-B3B6C7673677}.Debug|Any CPU.Build.0 = Debug|Any CPU
		{024A9B6C-5DB5-4D8C-A38B-B3B6C7673677}.Release|Any CPU.ActiveCfg = Release|Any CPU
		{024A9B6C-5DB5-4D8C-A38B-B3B6C7673677}.Release|Any CPU.Build.0 = Release|Any CPU
	EndGlobalSection
	GlobalSection(SolutionProperties) = preSolution
		HideSolutionNode = FALSE
	EndGlobalSection
EndGlobal
