
Microsoft Visual Studio Solution File, Format Version 12.00
# Visual Studio 2012
Project("{FAE04EC0-301F-11D3-BF4B-00C04F79EFBC}") = "01. StudentCourses", "01. StudentCourses\01. StudentCourses.csproj", "{CFB39E82-3B70-4ACF-9C88-8B35939DF5C0}"
EndProject
Project("{FAE04EC0-301F-11D3-BF4B-00C04F79EFBC}") = "02. Articles", "02. Articles\02. Articles.csproj", "{B71AC40B-3128-4FB5-B1AF-EDB8C40EE1DD}"
EndProject
Project("{FAE04EC0-301F-11D3-BF4B-00C04F79EFBC}") = "03. BiDictionary", "03. BiDictionary\03. BiDictionary.csproj", "{5F53298E-11D8-4509-BD71-A95F1C86F5FB}"
EndProject
Global
	GlobalSection(SolutionConfigurationPlatforms) = preSolution
		Debug|Any CPU = Debug|Any CPU
		Release|Any CPU = Release|Any CPU
	EndGlobalSection
	GlobalSection(ProjectConfigurationPlatforms) = postSolution
		{CFB39E82-3B70-4ACF-9C88-8B35939DF5C0}.Debug|Any CPU.ActiveCfg = Debug|Any CPU
		{CFB39E82-3B70-4ACF-9C88-8B35939DF5C0}.Debug|Any CPU.Build.0 = Debug|Any CPU
		{CFB39E82-3B70-4ACF-9C88-8B35939DF5C0}.Release|Any CPU.ActiveCfg = Release|Any CPU
		{CFB39E82-3B70-4ACF-9C88-8B35939DF5C0}.Release|Any CPU.Build.0 = Release|Any CPU
		{B71AC40B-3128-4FB5-B1AF-EDB8C40EE1DD}.Debug|Any CPU.ActiveCfg = Debug|Any CPU
		{B71AC40B-3128-4FB5-B1AF-EDB8C40EE1DD}.Debug|Any CPU.Build.0 = Debug|Any CPU
		{B71AC40B-3128-4FB5-B1AF-EDB8C40EE1DD}.Release|Any CPU.ActiveCfg = Release|Any CPU
		{B71AC40B-3128-4FB5-B1AF-EDB8C40EE1DD}.Release|Any CPU.Build.0 = Release|Any CPU
		{5F53298E-11D8-4509-BD71-A95F1C86F5FB}.Debug|Any CPU.ActiveCfg = Debug|Any CPU
		{5F53298E-11D8-4509-BD71-A95F1C86F5FB}.Debug|Any CPU.Build.0 = Debug|Any CPU
		{5F53298E-11D8-4509-BD71-A95F1C86F5FB}.Release|Any CPU.ActiveCfg = Release|Any CPU
		{5F53298E-11D8-4509-BD71-A95F1C86F5FB}.Release|Any CPU.Build.0 = Release|Any CPU
	EndGlobalSection
	GlobalSection(SolutionProperties) = preSolution
		HideSolutionNode = FALSE
	EndGlobalSection
EndGlobal
